# THIS IS AN AUTOGENERATED FILE. DO NOT EDIT THIS FILE DIRECTLY.
# yarn lockfile v1


astronomy-engine@^2.0.4:
  version "2.0.4"
  resolved "https://registry.yarnpkg.com/astronomy-engine/-/astronomy-engine-2.0.4.tgz#b49be5085c6c6ee6c10b404b9aa3d5aa6b9b4e2b"
  integrity sha512-ZGkXdUUW0wKn9Rei8emZfqBtDyLKAkBPKtJGYEqSwgs6HuDh1gn8P6O5YjcmuWKr1pZkGuk1kYYGvcEabCuxQQ==
